
Microsoft Visual Studio Solution File, Format Version 12.00
# Visual Studio Version 17
VisualStudioVersion = 17.2.32630.192
MinimumVisualStudioVersion = 10.0.40219.1
Project("{FAE04EC0-301F-11D3-BF4B-00C04F79EFBC}") = "LinkedList", "LinkedList\LinkedList.csproj", "{6B103518-6880-408E-B2CA-1131910DA3AA}"
EndProject
Project("{FAE04EC0-301F-11D3-BF4B-00C04F79EFBC}") = "DataStructureCommon", "DataStructureCommon\DataStructureCommon.csproj", "{407410C0-14CF-4714-86DD-F8DC4EA876D5}"
EndProject
Global
	GlobalSection(SolutionConfigurationPlatforms) = preSolution
		Debug|Any CPU = Debug|Any CPU
		Release|Any CPU = Release|Any CPU
	EndGlobalSection
	GlobalSection(ProjectConfigurationPlatforms) = postSolution
		{6B103518-6880-408E-B2CA-1131910DA3AA}.Debug|Any CPU.ActiveCfg = Debug|Any CPU
		{6B103518-6880-408E-B2CA-1131910DA3AA}.Debug|Any CPU.Build.0 = Debug|Any CPU
		{6B103518-6880-408E-B2CA-1131910DA3AA}.Release|Any CPU.ActiveCfg = Release|Any CPU
		{6B103518-6880-408E-B2CA-1131910DA3AA}.Release|Any CPU.Build.0 = Release|Any CPU
		{407410C0-14CF-4714-86DD-F8DC4EA876D5}.Debug|Any CPU.ActiveCfg = Debug|Any CPU
		{407410C0-14CF-4714-86DD-F8DC4EA876D5}.Debug|Any CPU.Build.0 = Debug|Any CPU
		{407410C0-14CF-4714-86DD-F8DC4EA876D5}.Release|Any CPU.ActiveCfg = Release|Any CPU
		{407410C0-14CF-4714-86DD-F8DC4EA876D5}.Release|Any CPU.Build.0 = Release|Any CPU
	EndGlobalSection
	GlobalSection(SolutionProperties) = preSolution
		HideSolutionNode = FALSE
	EndGlobalSection
	GlobalSection(ExtensibilityGlobals) = postSolution
		SolutionGuid = {E1D9C507-E6BE-4577-AA02-7B4C15150030}
	EndGlobalSection
EndGlobal
