
Microsoft Visual Studio Solution File, Format Version 12.00
# Visual Studio Version 17
VisualStudioVersion = 17.4.33122.133
MinimumVisualStudioVersion = 10.0.40219.1
Project("{FAE04EC0-301F-11D3-BF4B-00C04F79EFBC}") = "BST", "BST\BST.csproj", "{CFC73CCA-E26C-4DD9-9518-2C78CFAF0BFE}"
EndProject
Global
	GlobalSection(SolutionConfigurationPlatforms) = preSolution
		Debug|Any CPU = Debug|Any CPU
		Release|Any CPU = Release|Any CPU
	EndGlobalSection
	GlobalSection(ProjectConfigurationPlatforms) = postSolution
		{CFC73CCA-E26C-4DD9-9518-2C78CFAF0BFE}.Debug|Any CPU.ActiveCfg = Debug|Any CPU
		{CFC73CCA-E26C-4DD9-9518-2C78CFAF0BFE}.Debug|Any CPU.Build.0 = Debug|Any CPU
		{CFC73CCA-E26C-4DD9-9518-2C78CFAF0BFE}.Release|Any CPU.ActiveCfg = Release|Any CPU
		{CFC73CCA-E26C-4DD9-9518-2C78CFAF0BFE}.Release|Any CPU.Build.0 = Release|Any CPU
	EndGlobalSection
	GlobalSection(SolutionProperties) = preSolution
		HideSolutionNode = FALSE
	EndGlobalSection
	GlobalSection(ExtensibilityGlobals) = postSolution
		SolutionGuid = {A883502B-7F0A-4B50-9D01-82EDE5E5CEA2}
	EndGlobalSection
EndGlobal
